lockfileVersion: '9.0'

settings:
  autoInstallPeers: true
  excludeLinksFromLockfile: false

importers:

  .:
    dependencies:
      '@types/node':
        specifier: ^20.12.10
        version: 20.12.10
      prettier:
        specifier: ^3.2.5
        version: 3.2.5
      turbo:
        specifier: ^1.13.3
        version: 1.13.3
      typescript:
        specifier: ^5.4.5
        version: 5.4.5

  apps/internal-cli:
    dependencies:
      '@total-typescript/shared':
        specifier: workspace:*
        version: link:../../packages/shared
      commander:
        specifier: ^12.0.0
        version: 12.0.0

  apps/scriptkit-sync:
    dependencies:
      '@total-typescript/internal-cli':
        specifier: workspace:*
        version: link:../internal-cli
      '@total-typescript/shared':
        specifier: workspace:*
        version: link:../../packages/shared

  packages/ffmpeg:
    dependencies:
      '@total-typescript/shared':
        specifier: workspace:*
        version: link:../shared

  packages/shared: {}

packages:

  '@types/node@20.12.10':
    resolution: {integrity: sha512-Eem5pH9pmWBHoGAT8Dr5fdc5rYA+4NAovdM4EktRPVAAiJhmWWfQrA0cFhAbOsQdSfIHjAud6YdkbL69+zSKjw==}

  commander@12.0.0:
    resolution: {integrity: sha512-MwVNWlYjDTtOjX5PiD7o5pK0UrFU/OYgcJfjjK4RaHZETNtjJqrZa9Y9ds88+A+f+d5lv+561eZ+yCKoS3gbAA==}
    engines: {node: '>=18'}

  prettier@3.2.5:
    resolution: {integrity: sha512-3/GWa9aOC0YeD7LUfvOG2NiDyhOWRvt1k+rcKhOuYnMY24iiCphgneUfJDyFXd6rZCAnuLBv6UeAULtrhT/F4A==}
    engines: {node: '>=14'}
    hasBin: true

  turbo-darwin-64@1.13.3:
    resolution: {integrity: sha512-glup8Qx1qEFB5jerAnXbS8WrL92OKyMmg5Hnd4PleLljAeYmx+cmmnsmLT7tpaVZIN58EAAwu8wHC6kIIqhbWA==}
    cpu: [x64]
    os: [darwin]

  turbo-darwin-arm64@1.13.3:
    resolution: {integrity: sha512-/np2xD+f/+9qY8BVtuOQXRq5f9LehCFxamiQnwdqWm5iZmdjygC5T3uVSYuagVFsZKMvX3ycySwh8dylGTl6lg==}
    cpu: [arm64]
    os: [darwin]

  turbo-linux-64@1.13.3:
    resolution: {integrity: sha512-G+HGrau54iAnbXLfl+N/PynqpDwi/uDzb6iM9hXEDG+yJnSJxaHMShhOkXYJPk9offm9prH33Khx2scXrYVW1g==}
    cpu: [x64]
    os: [linux]

  turbo-linux-arm64@1.13.3:
    resolution: {integrity: sha512-qWwEl5VR02NqRyl68/3pwp3c/olZuSp+vwlwrunuoNTm6JXGLG5pTeme4zoHNnk0qn4cCX7DFrOboArlYxv0wQ==}
    cpu: [arm64]
    os: [linux]

  turbo-windows-64@1.13.3:
    resolution: {integrity: sha512-Nudr4bRChfJzBPzEmpVV85VwUYRCGKecwkBFpbp2a4NtrJ3+UP1VZES653ckqCu2FRyRuS0n03v9euMbAvzH+Q==}
    cpu: [x64]
    os: [win32]

  turbo-windows-arm64@1.13.3:
    resolution: {integrity: sha512-ouJCgsVLd3icjRLmRvHQDDZnmGzT64GBupM1Y+TjtYn2LVaEBoV6hicFy8x5DUpnqdLy+YpCzRMkWlwhmkX7sQ==}
    cpu: [arm64]
    os: [win32]

  turbo@1.13.3:
    resolution: {integrity: sha512-n17HJv4F4CpsYTvKzUJhLbyewbXjq1oLCi90i5tW1TiWDz16ML1eDG7wi5dHaKxzh5efIM56SITnuVbMq5dk4g==}
    hasBin: true

  typescript@5.4.5:
    resolution: {integrity: sha512-vcI4UpRgg81oIRUFwR0WSIHKt11nJ7SAVlYNIu+QpqeyXP+gpQJy/Z4+F0aGxSE4MqwjyXvW/TzgkLAx2AGHwQ==}
    engines: {node: '>=14.17'}
    hasBin: true

  undici-types@5.26.5:
    resolution: {integrity: sha512-JlCMO+ehdEIKqlFxk6IfVoAUVmgz7cU7zD/h9XZ0qzeosSHmUJVOzSQvvYSYWXkFXC+IfLKSIffhv0sVZup6pA==}

snapshots:

  '@types/node@20.12.10':
    dependencies:
      undici-types: 5.26.5

  commander@12.0.0: {}

  prettier@3.2.5: {}

  turbo-darwin-64@1.13.3:
    optional: true

  turbo-darwin-arm64@1.13.3:
    optional: true

  turbo-linux-64@1.13.3:
    optional: true

  turbo-linux-arm64@1.13.3:
    optional: true

  turbo-windows-64@1.13.3:
    optional: true

  turbo-windows-arm64@1.13.3:
    optional: true

  turbo@1.13.3:
    optionalDependencies:
      turbo-darwin-64: 1.13.3
      turbo-darwin-arm64: 1.13.3
      turbo-linux-64: 1.13.3
      turbo-linux-arm64: 1.13.3
      turbo-windows-64: 1.13.3
      turbo-windows-arm64: 1.13.3

  typescript@5.4.5: {}

  undici-types@5.26.5: {}
